github.com/dhowden/tag v0.0.0-20240417053706-3d75831295e8 h1:OtSeLS5y0Uy01jaKK4mA/WVIYtpzVm63vLVAPzJXigg=
github.com/dhowden/tag v0.0.0-20240417053706-3d75831295e8/go.mod h1:apkPC/CR3s48O2D7Y++n1XWEpgPNNCjXYga3PPbJe2E=
github.com/urfave/cli/v3 v3.3.3 h1:byCBaVdIXuLPIDm5CYZRVG6NvT7tv1ECqdU4YzlEa3I=
github.com/urfave/cli/v3 v3.3.3/go.mod h1:FJSKtM/9AiiTOJL4fJ6TbMUkxBXn7GO9guZqoZtpYpo=
